// !$*UTF8*$!
{
	archiveVersion = 1;
	classes = {
	};
	objectVersion = 55;
	objects = {

/* Begin PBXBuildFile section */
		4126B10C27D682210078378C /* Matched_GeomatryApp.swift in Sources */ = {isa = PBXBuildFile; fileRef = 4126B10B27D682210078378C /* Matched_GeomatryApp.swift */; };
		4126B10E27D682210078378C /* ContentView.swift in Sources */ = {isa = PBXBuildFile; fileRef = 4126B10D27D682210078378C /* ContentView.swift */; };
		4126B11027D682220078378C /* Assets.xcassets in Resources */ = {isa = PBXBuildFile; fileRef = 4126B10F27D682220078378C /* Assets.xcassets */; };
		4126B11327D682220078378C /* Preview Assets.xcassets in Resources */ = {isa = PBXBuildFile; fileRef = 4126B11227D682220078378C /* Preview Assets.xcassets */; };
		4126B12027D682E90078378C /* Json.swift in Sources */ = {isa = PBXBuildFile; fileRef = 4126B11F27D682E90078378C /* Json.swift */; };
		4126B12327D6834B0078378C /* String.swift in Sources */ = {isa = PBXBuildFile; fileRef = 4126B12227D6834B0078378C /* String.swift */; };
		4126B12527D683E20078378C /* ChatBot.swift in Sources */ = {isa = PBXBuildFile; fileRef = 4126B12427D683E20078378C /* ChatBot.swift */; };
		4126B12827D6855B0078378C /* UserText.swift in Sources */ = {isa = PBXBuildFile; fileRef = 4126B12727D6855B0078378C /* UserText.swift */; };
		4126B12A27D685D50078378C /* BotText.swift in Sources */ = {isa = PBXBuildFile; fileRef = 4126B12927D685D50078378C /* BotText.swift */; };
		4126B12F27D686A30078378C /* TypingIndicator.swift in Sources */ = {isa = PBXBuildFile; fileRef = 4126B12E27D686A30078378C /* TypingIndicator.swift */; };
		4126B13227D6870A0078378C /* DotView.swift in Sources */ = {isa = PBXBuildFile; fileRef = 4126B13127D6870A0078378C /* DotView.swift */; };
		4126B13427D687880078378C /* InsightTile.swift in Sources */ = {isa = PBXBuildFile; fileRef = 4126B13327D687880078378C /* InsightTile.swift */; };
		4126B13627D689CA0078378C /* ChatBotViewModel.swift in Sources */ = {isa = PBXBuildFile; fileRef = 4126B13527D689CA0078378C /* ChatBotViewModel.swift */; };
		4126B13827D68DB60078378C /* Message.swift in Sources */ = {isa = PBXBuildFile; fileRef = 4126B13727D68DB60078378C /* Message.swift */; };
		4126B13A27D68DFF0078378C /* ChatBotMessage.swift in Sources */ = {isa = PBXBuildFile; fileRef = 4126B13927D68DFF0078378C /* ChatBotMessage.swift */; };
		4126B13C27D68E400078378C /* ChatBotOption.swift in Sources */ = {isa = PBXBuildFile; fileRef = 4126B13B27D68E400078378C /* ChatBotOption.swift */; };
		4126B13E27D68E750078378C /* ChatBotPayload.swift in Sources */ = {isa = PBXBuildFile; fileRef = 4126B13D27D68E750078378C /* ChatBotPayload.swift */; };
		4126B14027D691A20078378C /* OptionText.swift in Sources */ = {isa = PBXBuildFile; fileRef = 4126B13F27D691A20078378C /* OptionText.swift */; };
		4126B14227D693EC0078378C /* bot.json in Resources */ = {isa = PBXBuildFile; fileRef = 4126B14127D693EC0078378C /* bot.json */; };
		4126B14427D697B50078378C /* InsightsView.swift in Sources */ = {isa = PBXBuildFile; fileRef = 4126B14327D697B50078378C /* InsightsView.swift */; };
/* End PBXBuildFile section */

/* Begin PBXFileReference section */
		4126B10827D682210078378C /* Matched Geomatry.app */ = {isa = PBXFileReference; explicitFileType = wrapper.application; includeInIndex = 0; path = "Matched Geomatry.app"; sourceTree = BUILT_PRODUCTS_DIR; };
		4126B10B27D682210078378C /* Matched_GeomatryApp.swift */ = {isa = PBXFileReference; lastKnownFileType = sourcecode.swift; path = Matched_GeomatryApp.swift; sourceTree = "<group>"; };
		4126B10D27D682210078378C /* ContentView.swift */ = {isa = PBXFileReference; lastKnownFileType = sourcecode.swift; path = ContentView.swift; sourceTree = "<group>"; };
		4126B10F27D682220078378C /* Assets.xcassets */ = {isa = PBXFileReference; lastKnownFileType = folder.assetcatalog; path = Assets.xcassets; sourceTree = "<group>"; };
		4126B11227D682220078378C /* Preview Assets.xcassets */ = {isa = PBXFileReference; lastKnownFileType = folder.assetcatalog; path = "Preview Assets.xcassets"; sourceTree = "<group>"; };
		4126B11F27D682E90078378C /* Json.swift */ = {isa = PBXFileReference; lastKnownFileType = sourcecode.swift; path = Json.swift; sourceTree = "<group>"; };
		4126B12227D6834B0078378C /* String.swift */ = {isa = PBXFileReference; lastKnownFileType = sourcecode.swift; path = String.swift; sourceTree = "<group>"; };
		4126B12427D683E20078378C /* ChatBot.swift */ = {isa = PBXFileReference; lastKnownFileType = sourcecode.swift; path = ChatBot.swift; sourceTree = "<group>"; };
		4126B12727D6855B0078378C /* UserText.swift */ = {isa = PBXFileReference; lastKnownFileType = sourcecode.swift; path = UserText.swift; sourceTree = "<group>"; };
		4126B12927D685D50078378C /* BotText.swift */ = {isa = PBXFileReference; lastKnownFileType = sourcecode.swift; path = BotText.swift; sourceTree = "<group>"; };
		4126B12E27D686A30078378C /* TypingIndicator.swift */ = {isa = PBXFileReference; lastKnownFileType = sourcecode.swift; path = TypingIndicator.swift; sourceTree = "<group>"; };
		4126B13127D6870A0078378C /* DotView.swift */ = {isa = PBXFileReference; lastKnownFileType = sourcecode.swift; path = DotView.swift; sourceTree = "<group>"; };
		4126B13327D687880078378C /* InsightTile.swift */ = {isa = PBXFileReference; lastKnownFileType = sourcecode.swift; path = InsightTile.swift; sourceTree = "<group>"; };
		4126B13527D689CA0078378C /* ChatBotViewModel.swift */ = {isa = PBXFileReference; lastKnownFileType = sourcecode.swift; path = ChatBotViewModel.swift; sourceTree = "<group>"; };
		4126B13727D68DB60078378C /* Message.swift */ = {isa = PBXFileReference; lastKnownFileType = sourcecode.swift; path = Message.swift; sourceTree = "<group>"; };
		4126B13927D68DFF0078378C /* ChatBotMessage.swift */ = {isa = PBXFileReference; lastKnownFileType = sourcecode.swift; path = ChatBotMessage.swift; sourceTree = "<group>"; };
		4126B13B27D68E400078378C /* ChatBotOption.swift */ = {isa = PBXFileReference; lastKnownFileType = sourcecode.swift; path = ChatBotOption.swift; sourceTree = "<group>"; };
		4126B13D27D68E750078378C /* ChatBotPayload.swift */ = {isa = PBXFileReference; lastKnownFileType = sourcecode.swift; path = ChatBotPayload.swift; sourceTree = "<group>"; };
		4126B13F27D691A20078378C /* OptionText.swift */ = {isa = PBXFileReference; lastKnownFileType = sourcecode.swift; path = OptionText.swift; sourceTree = "<group>"; };
		4126B14127D693EC0078378C /* bot.json */ = {isa = PBXFileReference; fileEncoding = 4; lastKnownFileType = text.json; path = bot.json; sourceTree = "<group>"; };
		4126B14327D697B50078378C /* InsightsView.swift */ = {isa = PBXFileReference; lastKnownFileType = sourcecode.swift; path = InsightsView.swift; sourceTree = "<group>"; };
/* End PBXFileReference section */

/* Begin PBXFrameworksBuildPhase section */
		4126B10527D682210078378C /* Frameworks */ = {
			isa = PBXFrameworksBuildPhase;
			buildActionMask = 2147483647;
			files = (
			);
			runOnlyForDeploymentPostprocessing = 0;
		};
/* End PBXFrameworksBuildPhase section */

/* Begin PBXGroup section */
		4126B0FF27D682210078378C = {
			isa = PBXGroup;
			children = (
				4126B10A27D682210078378C /* Matched Geomatry */,
				4126B10927D682210078378C /* Products */,
			);
			sourceTree = "<group>";
		};
		4126B10927D682210078378C /* Products */ = {
			isa = PBXGroup;
			children = (
				4126B10827D682210078378C /* Matched Geomatry.app */,
			);
			name = Products;
			sourceTree = "<group>";
		};
		4126B10A27D682210078378C /* Matched Geomatry */ = {
			isa = PBXGroup;
			children = (
				4126B12D27D6868F0078378C /* ChatBot */,
				4126B11D27D6828C0078378C /* App */,
				4126B11927D682410078378C /* Views */,
				4126B12127D683180078378C /* Extentions */,
				4126B11E27D682AA0078378C /* Helpers */,
				4126B11A27D682480078378C /* Models */,
				4126B11C27D6826A0078378C /* Resources */,
				4126B11127D682220078378C /* Preview Content */,
			);
			path = "Matched Geomatry";
			sourceTree = "<group>";
		};
		4126B11127D682220078378C /* Preview Content */ = {
			isa = PBXGroup;
			children = (
				4126B11227D682220078378C /* Preview Assets.xcassets */,
			);
			path = "Preview Content";
			sourceTree = "<group>";
		};
		4126B11927D682410078378C /* Views */ = {
			isa = PBXGroup;
			children = (
				4126B10D27D682210078378C /* ContentView.swift */,
				4126B14327D697B50078378C /* InsightsView.swift */,
			);
			path = Views;
			sourceTree = "<group>";
		};
		4126B11A27D682480078378C /* Models */ = {
			isa = PBXGroup;
			children = (
				4126B13727D68DB60078378C /* Message.swift */,
				4126B13927D68DFF0078378C /* ChatBotMessage.swift */,
				4126B13B27D68E400078378C /* ChatBotOption.swift */,
				4126B13D27D68E750078378C /* ChatBotPayload.swift */,
			);
			path = Models;
			sourceTree = "<group>";
		};
		4126B11C27D6826A0078378C /* Resources */ = {
			isa = PBXGroup;
			children = (
				4126B14127D693EC0078378C /* bot.json */,
				4126B10F27D682220078378C /* Assets.xcassets */,
			);
			path = Resources;
			sourceTree = "<group>";
		};
		4126B11D27D6828C0078378C /* App */ = {
			isa = PBXGroup;
			children = (
				4126B10B27D682210078378C /* Matched_GeomatryApp.swift */,
			);
			path = App;
			sourceTree = "<group>";
		};
		4126B11E27D682AA0078378C /* Helpers */ = {
			isa = PBXGroup;
			children = (
				4126B11F27D682E90078378C /* Json.swift */,
			);
			path = Helpers;
			sourceTree = "<group>";
		};
		4126B12127D683180078378C /* Extentions */ = {
			isa = PBXGroup;
			children = (
				4126B12227D6834B0078378C /* String.swift */,
			);
			path = Extentions;
			sourceTree = "<group>";
		};
		4126B12627D685490078378C /* Messages Styles */ = {
			isa = PBXGroup;
			children = (
				4126B12727D6855B0078378C /* UserText.swift */,
				4126B12927D685D50078378C /* BotText.swift */,
				4126B13327D687880078378C /* InsightTile.swift */,
			);
			path = "Messages Styles";
			sourceTree = "<group>";
		};
		4126B12D27D6868F0078378C /* ChatBot */ = {
			isa = PBXGroup;
			children = (
				4126B12427D683E20078378C /* ChatBot.swift */,
				4126B13527D689CA0078378C /* ChatBotViewModel.swift */,
				4126B12627D685490078378C /* Messages Styles */,
				4126B13027D686B70078378C /* Components */,
			);
			path = ChatBot;
			sourceTree = "<group>";
		};
		4126B13027D686B70078378C /* Components */ = {
			isa = PBXGroup;
			children = (
				4126B12E27D686A30078378C /* TypingIndicator.swift */,
				4126B13127D6870A0078378C /* DotView.swift */,
				4126B13F27D691A20078378C /* OptionText.swift */,
			);
			path = Components;
			sourceTree = "<group>";
		};
/* End PBXGroup section */

/* Begin PBXNativeTarget section */
		4126B10727D682210078378C /* Matched Geomatry */ = {
			isa = PBXNativeTarget;
			buildConfigurationList = 4126B11627D682220078378C /* Build configuration list for PBXNativeTarget "Matched Geomatry" */;
			buildPhases = (
				4126B10427D682210078378C /* Sources */,
				4126B10527D682210078378C /* Frameworks */,
				4126B10627D682210078378C /* Resources */,
			);
			buildRules = (
			);
			dependencies = (
			);
			name = "Matched Geomatry";
			productName = "Matched Geomatry";
			productReference = 4126B10827D682210078378C /* Matched Geomatry.app */;
			productType = "com.apple.product-type.application";
		};
/* End PBXNativeTarget section */

/* Begin PBXProject section */
		4126B10027D682210078378C /* Project object */ = {
			isa = PBXProject;
			attributes = {
				BuildIndependentTargetsInParallel = 1;
				LastSwiftUpdateCheck = 1320;
				LastUpgradeCheck = 1320;
				TargetAttributes = {
					4126B10727D682210078378C = {
						CreatedOnToolsVersion = 13.2.1;
					};
				};
			};
			buildConfigurationList = 4126B10327D682210078378C /* Build configuration list for PBXProject "Matched Geomatry" */;
			compatibilityVersion = "Xcode 13.0";
			developmentRegion = en;
			hasScannedForEncodings = 0;
			knownRegions = (
				en,
				Base,
			);
			mainGroup = 4126B0FF27D682210078378C;
			productRefGroup = 4126B10927D682210078378C /* Products */;
			projectDirPath = "";
			projectRoot = "";
			targets = (
				4126B10727D682210078378C /* Matched Geomatry */,
			);
		};
/* End PBXProject section */

/* Begin PBXResourcesBuildPhase section */
		4126B10627D682210078378C /* Resources */ = {
			isa = PBXResourcesBuildPhase;
			buildActionMask = 2147483647;
			files = (
				4126B11327D682220078378C /* Preview Assets.xcassets in Resources */,
				4126B11027D682220078378C /* Assets.xcassets in Resources */,
				4126B14227D693EC0078378C /* bot.json in Resources */,
			);
			runOnlyForDeploymentPostprocessing = 0;
		};
/* End PBXResourcesBuildPhase section */

/* Begin PBXSourcesBuildPhase section */
		4126B10427D682210078378C /* Sources */ = {
			isa = PBXSourcesBuildPhase;
			buildActionMask = 2147483647;
			files = (
				4126B13C27D68E400078378C /* ChatBotOption.swift in Sources */,
				4126B12F27D686A30078378C /* TypingIndicator.swift in Sources */,
				4126B13A27D68DFF0078378C /* ChatBotMessage.swift in Sources */,
				4126B12527D683E20078378C /* ChatBot.swift in Sources */,
				4126B13427D687880078378C /* InsightTile.swift in Sources */,
				4126B14427D697B50078378C /* InsightsView.swift in Sources */,
				4126B13E27D68E750078378C /* ChatBotPayload.swift in Sources */,
				4126B13227D6870A0078378C /* DotView.swift in Sources */,
				4126B12027D682E90078378C /* Json.swift in Sources */,
				4126B10E27D682210078378C /* ContentView.swift in Sources */,
				4126B14027D691A20078378C /* OptionText.swift in Sources */,
				4126B12327D6834B0078378C /* String.swift in Sources */,
				4126B10C27D682210078378C /* Matched_GeomatryApp.swift in Sources */,
				4126B13627D689CA0078378C /* ChatBotViewModel.swift in Sources */,
				4126B13827D68DB60078378C /* Message.swift in Sources */,
				4126B12A27D685D50078378C /* BotText.swift in Sources */,
				4126B12827D6855B0078378C /* UserText.swift in Sources */,
			);
			runOnlyForDeploymentPostprocessing = 0;
		};
/* End PBXSourcesBuildPhase section */

/* Begin XCBuildConfiguration section */
		4126B11427D682220078378C /* Debug */ = {
			isa = XCBuildConfiguration;
			buildSettings = {
				ALWAYS_SEARCH_USER_PATHS = NO;
				CLANG_ANALYZER_NONNULL = YES;
				CLANG_ANALYZER_NUMBER_OBJECT_CONVERSION = YES_AGGRESSIVE;
				CLANG_CXX_LANGUAGE_STANDARD = "gnu++17";
				CLANG_CXX_LIBRARY = "libc++";
				CLANG_ENABLE_MODULES = YES;
				CLANG_ENABLE_OBJC_ARC = YES;
				CLANG_ENABLE_OBJC_WEAK = YES;
				CLANG_WARN_BLOCK_CAPTURE_AUTORELEASING = YES;
				CLANG_WARN_BOOL_CONVERSION = YES;
				CLANG_WARN_COMMA = YES;
				CLANG_WARN_CONSTANT_CONVERSION = YES;
				CLANG_WARN_DEPRECATED_OBJC_IMPLEMENTATIONS = YES;
				CLANG_WARN_DIRECT_OBJC_ISA_USAGE = YES_ERROR;
				CLANG_WARN_DOCUMENTATION_COMMENTS = YES;
				CLANG_WARN_EMPTY_BODY = YES;
				CLANG_WARN_ENUM_CONVERSION = YES;
				CLANG_WARN_INFINITE_RECURSION = YES;
				CLANG_WARN_INT_CONVERSION = YES;
				CLANG_WARN_NON_LITERAL_NULL_CONVERSION = YES;
				CLANG_WARN_OBJC_IMPLICIT_RETAIN_SELF = YES;
				CLANG_WARN_OBJC_LITERAL_CONVERSION = YES;
				CLANG_WARN_OBJC_ROOT_CLASS = YES_ERROR;
				CLANG_WARN_QUOTED_INCLUDE_IN_FRAMEWORK_HEADER = YES;
				CLANG_WARN_RANGE_LOOP_ANALYSIS = YES;
				CLANG_WARN_STRICT_PROTOTYPES = YES;
				CLANG_WARN_SUSPICIOUS_MOVE = YES;
				CLANG_WARN_UNGUARDED_AVAILABILITY = YES_AGGRESSIVE;
				CLANG_WARN_UNREACHABLE_CODE = YES;
				CLANG_WARN__DUPLICATE_METHOD_MATCH = YES;
				COPY_PHASE_STRIP = NO;
				DEBUG_INFORMATION_FORMAT = dwarf;
				ENABLE_STRICT_OBJC_MSGSEND = YES;
				ENABLE_TESTABILITY = YES;
				GCC_C_LANGUAGE_STANDARD = gnu11;
				GCC_DYNAMIC_NO_PIC = NO;
				GCC_NO_COMMON_BLOCKS = YES;
				GCC_OPTIMIZATION_LEVEL = 0;
				GCC_PREPROCESSOR_DEFINITIONS = (
					"DEBUG=1",
					"$(inherited)",
				);
				GCC_WARN_64_TO_32_BIT_CONVERSION = YES;
				GCC_WARN_ABOUT_RETURN_TYPE = YES_ERROR;
				GCC_WARN_UNDECLARED_SELECTOR = YES;
				GCC_WARN_UNINITIALIZED_AUTOS = YES_AGGRESSIVE;
				GCC_WARN_UNUSED_FUNCTION = YES;
				GCC_WARN_UNUSED_VARIABLE = YES;
				IPHONEOS_DEPLOYMENT_TARGET = 15.2;
				MTL_ENABLE_DEBUG_INFO = INCLUDE_SOURCE;
				MTL_FAST_MATH = YES;
				ONLY_ACTIVE_ARCH = YES;
				SDKROOT = iphoneos;
				SWIFT_ACTIVE_COMPILATION_CONDITIONS = DEBUG;
				SWIFT_OPTIMIZATION_LEVEL = "-Onone";
			};
			name = Debug;
		};
		4126B11527D682220078378C /* Release */ = {
			isa = XCBuildConfiguration;
			buildSettings = {
				ALWAYS_SEARCH_USER_PATHS = NO;
				CLANG_ANALYZER_NONNULL = YES;
				CLANG_ANALYZER_NUMBER_OBJECT_CONVERSION = YES_AGGRESSIVE;
				CLANG_CXX_LANGUAGE_STANDARD = "gnu++17";
				CLANG_CXX_LIBRARY = "libc++";
				CLANG_ENABLE_MODULES = YES;
				CLANG_ENABLE_OBJC_ARC = YES;
				CLANG_ENABLE_OBJC_WEAK = YES;
				CLANG_WARN_BLOCK_CAPTURE_AUTORELEASING = YES;
				CLANG_WARN_BOOL_CONVERSION = YES;
				CLANG_WARN_COMMA = YES;
				CLANG_WARN_CONSTANT_CONVERSION = YES;
				CLANG_WARN_DEPRECATED_OBJC_IMPLEMENTATIONS = YES;
				CLANG_WARN_DIRECT_OBJC_ISA_USAGE = YES_ERROR;
				CLANG_WARN_DOCUMENTATION_COMMENTS = YES;
				CLANG_WARN_EMPTY_BODY = YES;
				CLANG_WARN_ENUM_CONVERSION = YES;
				CLANG_WARN_INFINITE_RECURSION = YES;
				CLANG_WARN_INT_CONVERSION = YES;
				CLANG_WARN_NON_LITERAL_NULL_CONVERSION = YES;
				CLANG_WARN_OBJC_IMPLICIT_RETAIN_SELF = YES;
				CLANG_WARN_OBJC_LITERAL_CONVERSION = YES;
				CLANG_WARN_OBJC_ROOT_CLASS = YES_ERROR;
				CLANG_WARN_QUOTED_INCLUDE_IN_FRAMEWORK_HEADER = YES;
				CLANG_WARN_RANGE_LOOP_ANALYSIS = YES;
				CLANG_WARN_STRICT_PROTOTYPES = YES;
				CLANG_WARN_SUSPICIOUS_MOVE = YES;
				CLANG_WARN_UNGUARDED_AVAILABILITY = YES_AGGRESSIVE;
				CLANG_WARN_UNREACHABLE_CODE = YES;
				CLANG_WARN__DUPLICATE_METHOD_MATCH = YES;
				COPY_PHASE_STRIP = NO;
				DEBUG_INFORMATION_FORMAT = "dwarf-with-dsym";
				ENABLE_NS_ASSERTIONS = NO;
				ENABLE_STRICT_OBJC_MSGSEND = YES;
				GCC_C_LANGUAGE_STANDARD = gnu11;
				GCC_NO_COMMON_BLOCKS = YES;
				GCC_WARN_64_TO_32_BIT_CONVERSION = YES;
				GCC_WARN_ABOUT_RETURN_TYPE = YES_ERROR;
				GCC_WARN_UNDECLARED_SELECTOR = YES;
				GCC_WARN_UNINITIALIZED_AUTOS = YES_AGGRESSIVE;
				GCC_WARN_UNUSED_FUNCTION = YES;
				GCC_WARN_UNUSED_VARIABLE = YES;
				IPHONEOS_DEPLOYMENT_TARGET = 15.2;
				MTL_ENABLE_DEBUG_INFO = NO;
				MTL_FAST_MATH = YES;
				SDKROOT = iphoneos;
				SWIFT_COMPILATION_MODE = wholemodule;
				SWIFT_OPTIMIZATION_LEVEL = "-O";
				VALIDATE_PRODUCT = YES;
			};
			name = Release;
		};
		4126B11727D682220078378C /* Debug */ = {
			isa = XCBuildConfiguration;
			buildSettings = {
				ASSETCATALOG_COMPILER_APPICON_NAME = AppIcon;
				ASSETCATALOG_COMPILER_GLOBAL_ACCENT_COLOR_NAME = AccentColor;
				CODE_SIGN_STYLE = Automatic;
				CURRENT_PROJECT_VERSION = 1;
				DEVELOPMENT_ASSET_PATHS = "\"Matched Geomatry/Preview Content\"";
				ENABLE_PREVIEWS = YES;
				GENERATE_INFOPLIST_FILE = YES;
				INFOPLIST_KEY_UIApplicationSceneManifest_Generation = YES;
				INFOPLIST_KEY_UIApplicationSupportsIndirectInputEvents = YES;
				INFOPLIST_KEY_UILaunchScreen_Generation = YES;
				INFOPLIST_KEY_UISupportedInterfaceOrientations_iPad = "UIInterfaceOrientationPortrait UIInterfaceOrientationPortraitUpsideDown UIInterfaceOrientationLandscapeLeft UIInterfaceOrientationLandscapeRight";
				INFOPLIST_KEY_UISupportedInterfaceOrientations_iPhone = "UIInterfaceOrientationPortrait UIInterfaceOrientationLandscapeLeft UIInterfaceOrientationLandscapeRight";
				LD_RUNPATH_SEARCH_PATHS = (
					"$(inherited)",
					"@executable_path/Frameworks",
				);
				MARKETING_VERSION = 1.0;
				PRODUCT_BUNDLE_IDENTIFIER = "com.Matched-Geomatry";
				PRODUCT_NAME = "$(TARGET_NAME)";
				SWIFT_EMIT_LOC_STRINGS = YES;
				SWIFT_VERSION = 5.0;
				TARGETED_DEVICE_FAMILY = "1,2";
			};
			name = Debug;
		};
		4126B11827D682220078378C /* Release */ = {
			isa = XCBuildConfiguration;
			buildSettings = {
				ASSETCATALOG_COMPILER_APPICON_NAME = AppIcon;
				ASSETCATALOG_COMPILER_GLOBAL_ACCENT_COLOR_NAME = AccentColor;
				CODE_SIGN_STYLE = Automatic;
				CURRENT_PROJECT_VERSION = 1;
				DEVELOPMENT_ASSET_PATHS = "\"Matched Geomatry/Preview Content\"";
				ENABLE_PREVIEWS = YES;
				GENERATE_INFOPLIST_FILE = YES;
				INFOPLIST_KEY_UIApplicationSceneManifest_Generation = YES;
				INFOPLIST_KEY_UIApplicationSupportsIndirectInputEvents = YES;
				INFOPLIST_KEY_UILaunchScreen_Generation = YES;
				INFOPLIST_KEY_UISupportedInterfaceOrientations_iPad = "UIInterfaceOrientationPortrait UIInterfaceOrientationPortraitUpsideDown UIInterfaceOrientationLandscapeLeft UIInterfaceOrientationLandscapeRight";
				INFOPLIST_KEY_UISupportedInterfaceOrientations_iPhone = "UIInterfaceOrientationPortrait UIInterfaceOrientationLandscapeLeft UIInterfaceOrientationLandscapeRight";
				LD_RUNPATH_SEARCH_PATHS = (
					"$(inherited)",
					"@executable_path/Frameworks",
				);
				MARKETING_VERSION = 1.0;
				PRODUCT_BUNDLE_IDENTIFIER = "com.Matched-Geomatry";
				PRODUCT_NAME = "$(TARGET_NAME)";
				SWIFT_EMIT_LOC_STRINGS = YES;
				SWIFT_VERSION = 5.0;
				TARGETED_DEVICE_FAMILY = "1,2";
			};
			name = Release;
		};
/* End XCBuildConfiguration section */

/* Begin XCConfigurationList section */
		4126B10327D682210078378C /* Build configuration list for PBXProject "Matched Geomatry" */ = {
			isa = XCConfigurationList;
			buildConfigurations = (
				4126B11427D682220078378C /* Debug */,
				4126B11527D682220078378C /* Release */,
			);
			defaultConfigurationIsVisible = 0;
			defaultConfigurationName = Release;
		};
		4126B11627D682220078378C /* Build configuration list for PBXNativeTarget "Matched Geomatry" */ = {
			isa = XCConfigurationList;
			buildConfigurations = (
				4126B11727D682220078378C /* Debug */,
				4126B11827D682220078378C /* Release */,
			);
			defaultConfigurationIsVisible = 0;
			defaultConfigurationName = Release;
		};
/* End XCConfigurationList section */
	};
	rootObject = 4126B10027D682210078378C /* Project object */;
}
